
Microsoft Visual Studio Solution File, Format Version 12.00
# Visual Studio Version 17
VisualStudioVersion = 17.0.32014.148
MinimumVisualStudioVersion = 10.0.40219.1
Project("{FAE04EC0-301F-11D3-BF4B-00C04F79EFBC}") = "JWTWebAPI", "JWTWebAPI\JWTWebAPI.csproj", "{A07756BA-B399-4CAA-9B0F-35F76828337F}"
EndProject
Global
	GlobalSection(SolutionConfigurationPlatforms) = preSolution
		Debug|Any CPU = Debug|Any CPU
		Release|Any CPU = Release|Any CPU
	EndGlobalSection
	GlobalSection(ProjectConfigurationPlatforms) = postSolution
		{A07756BA-B399-4CAA-9B0F-35F76828337F}.Debug|Any CPU.ActiveCfg = Debug|Any CPU
		{A07756BA-B399-4CAA-9B0F-35F76828337F}.Debug|Any CPU.Build.0 = Debug|Any CPU
		{A07756BA-B399-4CAA-9B0F-35F76828337F}.Release|Any CPU.ActiveCfg = Release|Any CPU
		{A07756BA-B399-4CAA-9B0F-35F76828337F}.Release|Any CPU.Build.0 = Release|Any CPU
	EndGlobalSection
	GlobalSection(SolutionProperties) = preSolution
		HideSolutionNode = FALSE
	EndGlobalSection
	GlobalSection(ExtensibilityGlobals) = postSolution
		SolutionGuid = {C88AEDD5-F117-4539-A4E8-82EBF13D60DE}
	EndGlobalSection
EndGlobal
